
Microsoft Visual Studio Solution File, Format Version 12.00
# Visual Studio 15
VisualStudioVersion = 15.0.27004.2002
MinimumVisualStudioVersion = 10.0.40219.1
Project("{FAE04EC0-301F-11D3-BF4B-00C04F79EFBC}") = "DEFExample.Models", "DEFExample\DEFExample.Models\DEFExample.Models.csproj", "{DC24936C-0761-4194-A0F9-6631BA3CFC7E}"
EndProject
Project("{CAA73BB0-EF22-4D79-A57E-DF67B3BA9C80}") = "DEFExample.Tds.Core", "DEFExample\DEFExample.Tds.Core\DEFExample.Tds.Core.scproj", "{6F0A24E7-F2CA-49DA-8843-11A325760854}"
EndProject
Project("{CAA73BB0-EF22-4D79-A57E-DF67B3BA9C80}") = "DEFExample.Tds.Master", "DEFExample\DEFExample.Tds.Master\DEFExample.Tds.Master.scproj", "{BE2F2189-728F-41C0-A635-584E119117DD}"
EndProject
Project("{FAE04EC0-301F-11D3-BF4B-00C04F79EFBC}") = "DEFExample.Website", "DEFExample\DEFExample.Website\DEFExample.Website.csproj", "{551F02FF-AF5F-4290-BB4E-6AA95FC8A2D0}"
EndProject
Global
	GlobalSection(SolutionConfigurationPlatforms) = preSolution
		Debug|Any CPU = Debug|Any CPU
		Release|Any CPU = Release|Any CPU
	EndGlobalSection
	GlobalSection(ProjectConfigurationPlatforms) = postSolution
		{DC24936C-0761-4194-A0F9-6631BA3CFC7E}.Debug|Any CPU.ActiveCfg = Debug|Any CPU
		{DC24936C-0761-4194-A0F9-6631BA3CFC7E}.Debug|Any CPU.Build.0 = Debug|Any CPU
		{DC24936C-0761-4194-A0F9-6631BA3CFC7E}.Release|Any CPU.ActiveCfg = Release|Any CPU
		{DC24936C-0761-4194-A0F9-6631BA3CFC7E}.Release|Any CPU.Build.0 = Release|Any CPU
		{6F0A24E7-F2CA-49DA-8843-11A325760854}.Debug|Any CPU.ActiveCfg = Debug|Any CPU
		{6F0A24E7-F2CA-49DA-8843-11A325760854}.Debug|Any CPU.Build.0 = Debug|Any CPU
		{6F0A24E7-F2CA-49DA-8843-11A325760854}.Debug|Any CPU.Deploy.0 = Debug|Any CPU
		{6F0A24E7-F2CA-49DA-8843-11A325760854}.Release|Any CPU.ActiveCfg = Release|Any CPU
		{6F0A24E7-F2CA-49DA-8843-11A325760854}.Release|Any CPU.Build.0 = Release|Any CPU
		{6F0A24E7-F2CA-49DA-8843-11A325760854}.Release|Any CPU.Deploy.0 = Release|Any CPU
		{BE2F2189-728F-41C0-A635-584E119117DD}.Debug|Any CPU.ActiveCfg = Debug|Any CPU
		{BE2F2189-728F-41C0-A635-584E119117DD}.Debug|Any CPU.Build.0 = Debug|Any CPU
		{BE2F2189-728F-41C0-A635-584E119117DD}.Debug|Any CPU.Deploy.0 = Debug|Any CPU
		{BE2F2189-728F-41C0-A635-584E119117DD}.Release|Any CPU.ActiveCfg = Release|Any CPU
		{BE2F2189-728F-41C0-A635-584E119117DD}.Release|Any CPU.Build.0 = Release|Any CPU
		{BE2F2189-728F-41C0-A635-584E119117DD}.Release|Any CPU.Deploy.0 = Release|Any CPU
		{551F02FF-AF5F-4290-BB4E-6AA95FC8A2D0}.Debug|Any CPU.ActiveCfg = Debug|Any CPU
		{551F02FF-AF5F-4290-BB4E-6AA95FC8A2D0}.Debug|Any CPU.Build.0 = Debug|Any CPU
		{551F02FF-AF5F-4290-BB4E-6AA95FC8A2D0}.Release|Any CPU.ActiveCfg = Release|Any CPU
		{551F02FF-AF5F-4290-BB4E-6AA95FC8A2D0}.Release|Any CPU.Build.0 = Release|Any CPU
	EndGlobalSection
	GlobalSection(SolutionProperties) = preSolution
		HideSolutionNode = FALSE
	EndGlobalSection
	GlobalSection(ExtensibilityGlobals) = postSolution
		EnterpriseLibraryConfigurationToolBinariesPathV6 = packages\EnterpriseLibrary.Common.6.0.1304.0\lib\NET45;packages\EnterpriseLibrary.TransientFaultHandling.6.0.1304.0\lib\portable-net45+win+wp8;packages\EnterpriseLibrary.TransientFaultHandling.Caching.6.0.1304.0\lib\NET45;packages\EnterpriseLibrary.TransientFaultHandling.Data.6.0.1304.1\lib\NET45;packages\EnterpriseLibrary.TransientFaultHandling.ServiceBus.6.0.1304.0\lib\NET45;packages\EnterpriseLibrary.TransientFaultHandling.WindowsAzure.Storage.6.0.1304.0\lib\NET45;packages\EnterpriseLibrary.TransientFaultHandling.Configuration.6.0.1304.0\lib\NET45
		SolutionGuid = {1885A859-B3F3-4036-84E4-E37F0E7BB966}
	EndGlobalSection
EndGlobal
